
Microsoft Visual Studio Solution File, Format Version 12.00
# Visual Studio Version 17
VisualStudioVersion = 17.6.33829.357
MinimumVisualStudioVersion = 10.0.40219.1
Project("{9A19103F-16F7-4668-BE54-9A1E7A4F7556}") = "GreenHellVR_Core", "GreenHellVR_Core.csproj", "{9B7B7CCE-ADE3-481B-98FC-EEC68E980870}"
EndProject
Project("{9A19103F-16F7-4668-BE54-9A1E7A4F7556}") = "GreenHellVR_Core_Include", "..\GreenHellVR_Core_Include\GreenHellVR_Core_Include.csproj", "{969518C1-F9DE-4505-BA51-D13AAEFBF428}"
EndProject
Global
	GlobalSection(SolutionConfigurationPlatforms) = preSolution
		Debug|Any CPU = Debug|Any CPU
		Include|Any CPU = Include|Any CPU
		Release|Any CPU = Release|Any CPU
	EndGlobalSection
	GlobalSection(ProjectConfigurationPlatforms) = postSolution
		{9B7B7CCE-ADE3-481B-98FC-EEC68E980870}.Debug|Any CPU.ActiveCfg = Debug|Any CPU
		{9B7B7CCE-ADE3-481B-98FC-EEC68E980870}.Debug|Any CPU.Build.0 = Debug|Any CPU
		{9B7B7CCE-ADE3-481B-98FC-EEC68E980870}.Include|Any CPU.ActiveCfg = Release|Any CPU
		{9B7B7CCE-ADE3-481B-98FC-EEC68E980870}.Include|Any CPU.Build.0 = Release|Any CPU
		{9B7B7CCE-ADE3-481B-98FC-EEC68E980870}.Release|Any CPU.ActiveCfg = Release|Any CPU
		{9B7B7CCE-ADE3-481B-98FC-EEC68E980870}.Release|Any CPU.Build.0 = Release|Any CPU
		{969518C1-F9DE-4505-BA51-D13AAEFBF428}.Debug|Any CPU.ActiveCfg = Include|Any CPU
		{969518C1-F9DE-4505-BA51-D13AAEFBF428}.Debug|Any CPU.Build.0 = Include|Any CPU
		{969518C1-F9DE-4505-BA51-D13AAEFBF428}.Include|Any CPU.ActiveCfg = Include|Any CPU
		{969518C1-F9DE-4505-BA51-D13AAEFBF428}.Include|Any CPU.Build.0 = Include|Any CPU
		{969518C1-F9DE-4505-BA51-D13AAEFBF428}.Release|Any CPU.ActiveCfg = Include|Any CPU
		{969518C1-F9DE-4505-BA51-D13AAEFBF428}.Release|Any CPU.Build.0 = Include|Any CPU
	EndGlobalSection
	GlobalSection(SolutionProperties) = preSolution
		HideSolutionNode = FALSE
	EndGlobalSection
	GlobalSection(ExtensibilityGlobals) = postSolution
		SolutionGuid = {CF233E6E-3C66-42DB-9A3F-2638A02CF94B}
	EndGlobalSection
EndGlobal
